// !$*UTF8*$!
{
	archiveVersion = 1;
	classes = {
	};
	objectVersion = 46;
	objects = {

/* Begin PBXBuildFile section */
		E404B0281592345C009F4FC9 /* BlockActionSheet.h in Headers */ = {isa = PBXBuildFile; fileRef = E404B0261592345C009F4FC9 /* BlockActionSheet.h */; };
		E404B0291592345C009F4FC9 /* BlockActionSheet.m in Sources */ = {isa = PBXBuildFile; fileRef = E404B0271592345C009F4FC9 /* BlockActionSheet.m */; };
		E41E710914359A7F00585262 /* ObjectToDictionary.h in Headers */ = {isa = PBXBuildFile; fileRef = E41E710714359A7F00585262 /* ObjectToDictionary.h */; };
		E41E710B14359A7F00585262 /* ObjectToDictionary.m in Sources */ = {isa = PBXBuildFile; fileRef = E41E710814359A7F00585262 /* ObjectToDictionary.m */; };
		E422166715FB3AA70011CF83 /* UIColor+HTML.m in Sources */ = {isa = PBXBuildFile; fileRef = E422166515FB3AA70011CF83 /* UIColor+HTML.m */; };
		E422166815FB3AA70011CF83 /* UIColor+HTML.h in Headers */ = {isa = PBXBuildFile; fileRef = E422166615FB3AA70011CF83 /* UIColor+HTML.h */; };
		E4251A0611F9ED6800A98111 /* Foundation.framework in Frameworks */ = {isa = PBXBuildFile; fileRef = E4251A0511F9ED6800A98111 /* Foundation.framework */; };
		E4583AF412917024007F0577 /* dispatchShortcuts.h in Headers */ = {isa = PBXBuildFile; fileRef = E4583AF312917024007F0577 /* dispatchShortcuts.h */; };
		E491C4B11269A126001FF7F1 /* UIColorLibraryAdditions.h in Headers */ = {isa = PBXBuildFile; fileRef = E491C4AF1269A126001FF7F1 /* UIColorLibraryAdditions.h */; };
		E491C4B21269A126001FF7F1 /* UIColorLibraryAdditions.m in Sources */ = {isa = PBXBuildFile; fileRef = E491C4B01269A126001FF7F1 /* UIColorLibraryAdditions.m */; };
		E4A7A86A11FA0219008FAF55 /* Alert.h in Headers */ = {isa = PBXBuildFile; fileRef = E4A7A85711FA0219008FAF55 /* Alert.h */; };
		E4A7A86B11FA0219008FAF55 /* CGGeometryAdditions.h in Headers */ = {isa = PBXBuildFile; fileRef = E4A7A85811FA0219008FAF55 /* CGGeometryAdditions.h */; };
		E4A7A86C11FA0219008FAF55 /* NSDateAdditions.h in Headers */ = {isa = PBXBuildFile; fileRef = E4A7A85911FA0219008FAF55 /* NSDateAdditions.h */; };
		E4A7A86D11FA0219008FAF55 /* NSDictionaryAdditions.h in Headers */ = {isa = PBXBuildFile; fileRef = E4A7A85A11FA0219008FAF55 /* NSDictionaryAdditions.h */; };
		E4A7A86E11FA0219008FAF55 /* NSInvocation(ForwardedConstruction).h in Headers */ = {isa = PBXBuildFile; fileRef = E4A7A85B11FA0219008FAF55 /* NSInvocation(ForwardedConstruction).h */; };
		E4A7A87111FA0219008FAF55 /* NSMutableArrayStack.h in Headers */ = {isa = PBXBuildFile; fileRef = E4A7A85E11FA0219008FAF55 /* NSMutableArrayStack.h */; };
		E4A7A87211FA0219008FAF55 /* NSNotificationCenterAdditions.h in Headers */ = {isa = PBXBuildFile; fileRef = E4A7A85F11FA0219008FAF55 /* NSNotificationCenterAdditions.h */; };
		E4A7A87311FA0219008FAF55 /* NSStringAdditions.h in Headers */ = {isa = PBXBuildFile; fileRef = E4A7A86011FA0219008FAF55 /* NSStringAdditions.h */; };
		E4A7A87411FA0219008FAF55 /* Swizzle.h in Headers */ = {isa = PBXBuildFile; fileRef = E4A7A86111FA0219008FAF55 /* Swizzle.h */; };
		E4A7A87511FA0219008FAF55 /* UIApplicationNetworkActivity.h in Headers */ = {isa = PBXBuildFile; fileRef = E4A7A86211FA0219008FAF55 /* UIApplicationNetworkActivity.h */; };
		E4A7A87611FA0219008FAF55 /* UIDevice-hardware.h in Headers */ = {isa = PBXBuildFile; fileRef = E4A7A86311FA0219008FAF55 /* UIDevice-hardware.h */; };
		E4A7A87711FA0219008FAF55 /* UIImageAdditions.h in Headers */ = {isa = PBXBuildFile; fileRef = E4A7A86411FA0219008FAF55 /* UIImageAdditions.h */; };
		E4A7A87811FA0219008FAF55 /* UIImageViewAddtions.h in Headers */ = {isa = PBXBuildFile; fileRef = E4A7A86511FA0219008FAF55 /* UIImageViewAddtions.h */; };
		E4A7A87A11FA0219008FAF55 /* UIScrollViewAdditions.h in Headers */ = {isa = PBXBuildFile; fileRef = E4A7A86711FA0219008FAF55 /* UIScrollViewAdditions.h */; };
		E4A7A87B11FA0219008FAF55 /* UIViewAdditions.h in Headers */ = {isa = PBXBuildFile; fileRef = E4A7A86811FA0219008FAF55 /* UIViewAdditions.h */; };
		E4A7A87E11FA028A008FAF55 /* LibAdditions.h in Headers */ = {isa = PBXBuildFile; fileRef = E4A7A87D11FA028A008FAF55 /* LibAdditions.h */; };
		E4AA8F1412F861C700D08289 /* NSCoderGSA.h in Headers */ = {isa = PBXBuildFile; fileRef = E4AA8F1012F861C700D08289 /* NSCoderGSA.h */; };
		E4AA8F1512F861C700D08289 /* NSCoderGSA.m in Sources */ = {isa = PBXBuildFile; fileRef = E4AA8F1112F861C700D08289 /* NSCoderGSA.m */; };
		E4CBFCF21536B0A30007E3AF /* BlockAlertView.m in Sources */ = {isa = PBXBuildFile; fileRef = E4CBFCF11536B0A30007E3AF /* BlockAlertView.m */; };
		E4CBFCF61536B0B10007E3AF /* BlockAlertView.h in Headers */ = {isa = PBXBuildFile; fileRef = E4CBFCF51536B0B10007E3AF /* BlockAlertView.h */; };
		E4CD2C0711F9FDB200D6C250 /* Alert.m in Sources */ = {isa = PBXBuildFile; fileRef = E4CD2BE411F9FDB200D6C250 /* Alert.m */; };
		E4CD2C0A11F9FDB200D6C250 /* NSDateAdditions.m in Sources */ = {isa = PBXBuildFile; fileRef = E4CD2BE711F9FDB200D6C250 /* NSDateAdditions.m */; };
		E4CD2C0C11F9FDB200D6C250 /* NSDictionaryAdditions.m in Sources */ = {isa = PBXBuildFile; fileRef = E4CD2BE911F9FDB200D6C250 /* NSDictionaryAdditions.m */; };
		E4CD2C0E11F9FDB200D6C250 /* NSInvocationForwardedConstruction.m in Sources */ = {isa = PBXBuildFile; fileRef = E4CD2BEB11F9FDB200D6C250 /* NSInvocationForwardedConstruction.m */; settings = {COMPILER_FLAGS = "-fno-objc-arc"; }; };
		E4CD2C1411F9FDB200D6C250 /* NSNotificationCenterAdditions.m in Sources */ = {isa = PBXBuildFile; fileRef = E4CD2BF111F9FDB200D6C250 /* NSNotificationCenterAdditions.m */; };
		E4CD2C1611F9FDB200D6C250 /* NSStringAdditions.m in Sources */ = {isa = PBXBuildFile; fileRef = E4CD2BF311F9FDB200D6C250 /* NSStringAdditions.m */; };
		E4CD2C1811F9FDB200D6C250 /* Swizzle.m in Sources */ = {isa = PBXBuildFile; fileRef = E4CD2BF511F9FDB200D6C250 /* Swizzle.m */; };
		E4CD2C1A11F9FDB200D6C250 /* UIApplicationNetworkActivity.m in Sources */ = {isa = PBXBuildFile; fileRef = E4CD2BF711F9FDB200D6C250 /* UIApplicationNetworkActivity.m */; };
		E4CD2C1C11F9FDB200D6C250 /* UIDevice-hardware.m in Sources */ = {isa = PBXBuildFile; fileRef = E4CD2BF911F9FDB200D6C250 /* UIDevice-hardware.m */; };
		E4CD2C1E11F9FDB200D6C250 /* UIImageAdditions.m in Sources */ = {isa = PBXBuildFile; fileRef = E4CD2BFB11F9FDB200D6C250 /* UIImageAdditions.m */; };
		E4CD2C2011F9FDB200D6C250 /* UIImageViewAddtions.m in Sources */ = {isa = PBXBuildFile; fileRef = E4CD2BFD11F9FDB200D6C250 /* UIImageViewAddtions.m */; };
		E4CD2C2411F9FDB200D6C250 /* UIScrollViewAdditions.m in Sources */ = {isa = PBXBuildFile; fileRef = E4CD2C0111F9FDB200D6C250 /* UIScrollViewAdditions.m */; };
		E4CD2C2611F9FDB200D6C250 /* UIViewAdditions.m in Sources */ = {isa = PBXBuildFile; fileRef = E4CD2C0311F9FDB200D6C250 /* UIViewAdditions.m */; };
		E4CD2C3311F9FFD800D6C250 /* NSMutableArrayStack.m in Sources */ = {isa = PBXBuildFile; fileRef = E4CD2C3111F9FFD800D6C250 /* NSMutableArrayStack.m */; };
		E4CE131D150CC5C6004FD83B /* UIButton+Additions.h in Headers */ = {isa = PBXBuildFile; fileRef = E4CE131B150CC5C6004FD83B /* UIButton+Additions.h */; };
		E4CE131F150CC5C6004FD83B /* UIButton+Additions.m in Sources */ = {isa = PBXBuildFile; fileRef = E4CE131C150CC5C6004FD83B /* UIButton+Additions.m */; };
/* End PBXBuildFile section */

/* Begin PBXFileReference section */
		E404B0261592345C009F4FC9 /* BlockActionSheet.h */ = {isa = PBXFileReference; fileEncoding = 4; lastKnownFileType = sourcecode.c.h; path = BlockActionSheet.h; sourceTree = "<group>"; };
		E404B0271592345C009F4FC9 /* BlockActionSheet.m */ = {isa = PBXFileReference; fileEncoding = 4; lastKnownFileType = sourcecode.c.objc; name = BlockActionSheet.m; path = Headers/BlockActionSheet.m; sourceTree = "<group>"; };
		E41E710714359A7F00585262 /* ObjectToDictionary.h */ = {isa = PBXFileReference; fileEncoding = 4; lastKnownFileType = sourcecode.c.h; name = ObjectToDictionary.h; path = Headers/ObjectToDictionary.h; sourceTree = "<group>"; };
		E41E710814359A7F00585262 /* ObjectToDictionary.m */ = {isa = PBXFileReference; fileEncoding = 4; lastKnownFileType = sourcecode.c.objc; lineEnding = 0; path = ObjectToDictionary.m; sourceTree = "<group>"; xcLanguageSpecificationIdentifier = xcode.lang.objc; };
		E422166515FB3AA70011CF83 /* UIColor+HTML.m */ = {isa = PBXFileReference; fileEncoding = 4; lastKnownFileType = sourcecode.c.objc; path = "UIColor+HTML.m"; sourceTree = "<group>"; };
		E422166615FB3AA70011CF83 /* UIColor+HTML.h */ = {isa = PBXFileReference; fileEncoding = 4; lastKnownFileType = sourcecode.c.h; path = "UIColor+HTML.h"; sourceTree = "<group>"; };
		E4251A0311F9ED6800A98111 /* libAdditions.a */ = {isa = PBXFileReference; explicitFileType = archive.ar; includeInIndex = 0; path = libAdditions.a; sourceTree = BUILT_PRODUCTS_DIR; };
		E4251A0511F9ED6800A98111 /* Foundation.framework */ = {isa = PBXFileReference; lastKnownFileType = wrapper.framework; name = Foundation.framework; path = System/Library/Frameworks/Foundation.framework; sourceTree = SDKROOT; };
		E4251A0711F9ED6800A98111 /* AdditionsLib_Prefix.pch */ = {isa = PBXFileReference; lastKnownFileType = sourcecode.c.h; path = AdditionsLib_Prefix.pch; sourceTree = "<group>"; };
		E4583AF312917024007F0577 /* dispatchShortcuts.h */ = {isa = PBXFileReference; fileEncoding = 4; lastKnownFileType = sourcecode.c.h; path = dispatchShortcuts.h; sourceTree = "<group>"; };
		E491C4AF1269A126001FF7F1 /* UIColorLibraryAdditions.h */ = {isa = PBXFileReference; fileEncoding = 4; lastKnownFileType = sourcecode.c.h; path = UIColorLibraryAdditions.h; sourceTree = "<group>"; };
		E491C4B01269A126001FF7F1 /* UIColorLibraryAdditions.m */ = {isa = PBXFileReference; fileEncoding = 4; lastKnownFileType = sourcecode.c.objc; path = UIColorLibraryAdditions.m; sourceTree = "<group>"; };
		E4A7A85711FA0219008FAF55 /* Alert.h */ = {isa = PBXFileReference; fileEncoding = 4; lastKnownFileType = sourcecode.c.h; path = Alert.h; sourceTree = "<group>"; };
		E4A7A85811FA0219008FAF55 /* CGGeometryAdditions.h */ = {isa = PBXFileReference; fileEncoding = 4; lastKnownFileType = sourcecode.c.h; path = CGGeometryAdditions.h; sourceTree = "<group>"; };
		E4A7A85911FA0219008FAF55 /* NSDateAdditions.h */ = {isa = PBXFileReference; fileEncoding = 4; lastKnownFileType = sourcecode.c.h; path = NSDateAdditions.h; sourceTree = "<group>"; };
		E4A7A85A11FA0219008FAF55 /* NSDictionaryAdditions.h */ = {isa = PBXFileReference; fileEncoding = 4; lastKnownFileType = sourcecode.c.h; path = NSDictionaryAdditions.h; sourceTree = "<group>"; };
		E4A7A85B11FA0219008FAF55 /* NSInvocation(ForwardedConstruction).h */ = {isa = PBXFileReference; fileEncoding = 4; lastKnownFileType = sourcecode.c.h; path = "NSInvocation(ForwardedConstruction).h"; sourceTree = "<group>"; };
		E4A7A85E11FA0219008FAF55 /* NSMutableArrayStack.h */ = {isa = PBXFileReference; fileEncoding = 4; lastKnownFileType = sourcecode.c.h; path = NSMutableArrayStack.h; sourceTree = "<group>"; };
		E4A7A85F11FA0219008FAF55 /* NSNotificationCenterAdditions.h */ = {isa = PBXFileReference; fileEncoding = 4; lastKnownFileType = sourcecode.c.h; path = NSNotificationCenterAdditions.h; sourceTree = "<group>"; };
		E4A7A86011FA0219008FAF55 /* NSStringAdditions.h */ = {isa = PBXFileReference; fileEncoding = 4; lastKnownFileType = sourcecode.c.h; path = NSStringAdditions.h; sourceTree = "<group>"; };
		E4A7A86111FA0219008FAF55 /* Swizzle.h */ = {isa = PBXFileReference; fileEncoding = 4; lastKnownFileType = sourcecode.c.h; path = Swizzle.h; sourceTree = "<group>"; };
		E4A7A86211FA0219008FAF55 /* UIApplicationNetworkActivity.h */ = {isa = PBXFileReference; fileEncoding = 4; lastKnownFileType = sourcecode.c.h; path = UIApplicationNetworkActivity.h; sourceTree = "<group>"; };
		E4A7A86311FA0219008FAF55 /* UIDevice-hardware.h */ = {isa = PBXFileReference; fileEncoding = 4; lastKnownFileType = sourcecode.c.h; path = "UIDevice-hardware.h"; sourceTree = "<group>"; };
		E4A7A86411FA0219008FAF55 /* UIImageAdditions.h */ = {isa = PBXFileReference; fileEncoding = 4; lastKnownFileType = sourcecode.c.h; path = UIImageAdditions.h; sourceTree = "<group>"; };
		E4A7A86511FA0219008FAF55 /* UIImageViewAddtions.h */ = {isa = PBXFileReference; fileEncoding = 4; lastKnownFileType = sourcecode.c.h; path = UIImageViewAddtions.h; sourceTree = "<group>"; };
		E4A7A86711FA0219008FAF55 /* UIScrollViewAdditions.h */ = {isa = PBXFileReference; fileEncoding = 4; lastKnownFileType = sourcecode.c.h; path = UIScrollViewAdditions.h; sourceTree = "<group>"; };
		E4A7A86811FA0219008FAF55 /* UIViewAdditions.h */ = {isa = PBXFileReference; fileEncoding = 4; lastKnownFileType = sourcecode.c.h; path = UIViewAdditions.h; sourceTree = "<group>"; };
		E4A7A87D11FA028A008FAF55 /* LibAdditions.h */ = {isa = PBXFileReference; fileEncoding = 4; lastKnownFileType = sourcecode.c.h; path = LibAdditions.h; sourceTree = "<group>"; };
		E4AA8F1012F861C700D08289 /* NSCoderGSA.h */ = {isa = PBXFileReference; fileEncoding = 4; lastKnownFileType = sourcecode.c.h; path = NSCoderGSA.h; sourceTree = "<group>"; };
		E4AA8F1112F861C700D08289 /* NSCoderGSA.m */ = {isa = PBXFileReference; fileEncoding = 4; lastKnownFileType = sourcecode.c.objc; path = NSCoderGSA.m; sourceTree = "<group>"; };
		E4CBFCF11536B0A30007E3AF /* BlockAlertView.m */ = {isa = PBXFileReference; fileEncoding = 4; lastKnownFileType = sourcecode.c.objc; path = BlockAlertView.m; sourceTree = "<group>"; };
		E4CBFCF51536B0B10007E3AF /* BlockAlertView.h */ = {isa = PBXFileReference; fileEncoding = 4; lastKnownFileType = sourcecode.c.h; path = BlockAlertView.h; sourceTree = "<group>"; };
		E4CD2BE411F9FDB200D6C250 /* Alert.m */ = {isa = PBXFileReference; fileEncoding = 4; lastKnownFileType = sourcecode.c.objc; path = Alert.m; sourceTree = SOURCE_ROOT; };
		E4CD2BE711F9FDB200D6C250 /* NSDateAdditions.m */ = {isa = PBXFileReference; fileEncoding = 4; lastKnownFileType = sourcecode.c.objc; path = NSDateAdditions.m; sourceTree = SOURCE_ROOT; };
		E4CD2BE911F9FDB200D6C250 /* NSDictionaryAdditions.m */ = {isa = PBXFileReference; fileEncoding = 4; lastKnownFileType = sourcecode.c.objc; path = NSDictionaryAdditions.m; sourceTree = SOURCE_ROOT; };
		E4CD2BEB11F9FDB200D6C250 /* NSInvocationForwardedConstruction.m */ = {isa = PBXFileReference; fileEncoding = 4; lastKnownFileType = sourcecode.c.objc; path = NSInvocationForwardedConstruction.m; sourceTree = "<group>"; };
		E4CD2BF111F9FDB200D6C250 /* NSNotificationCenterAdditions.m */ = {isa = PBXFileReference; fileEncoding = 4; lastKnownFileType = sourcecode.c.objc; path = NSNotificationCenterAdditions.m; sourceTree = SOURCE_ROOT; };
		E4CD2BF311F9FDB200D6C250 /* NSStringAdditions.m */ = {isa = PBXFileReference; fileEncoding = 4; lastKnownFileType = sourcecode.c.objc; path = NSStringAdditions.m; sourceTree = SOURCE_ROOT; };
		E4CD2BF511F9FDB200D6C250 /* Swizzle.m */ = {isa = PBXFileReference; fileEncoding = 4; lastKnownFileType = sourcecode.c.objc; path = Swizzle.m; sourceTree = SOURCE_ROOT; };
		E4CD2BF711F9FDB200D6C250 /* UIApplicationNetworkActivity.m */ = {isa = PBXFileReference; fileEncoding = 4; lastKnownFileType = sourcecode.c.objc; path = UIApplicationNetworkActivity.m; sourceTree = SOURCE_ROOT; };
		E4CD2BF911F9FDB200D6C250 /* UIDevice-hardware.m */ = {isa = PBXFileReference; fileEncoding = 4; lastKnownFileType = sourcecode.c.objc; path = "UIDevice-hardware.m"; sourceTree = SOURCE_ROOT; };
		E4CD2BFB11F9FDB200D6C250 /* UIImageAdditions.m */ = {isa = PBXFileReference; fileEncoding = 4; lastKnownFileType = sourcecode.c.objc; path = UIImageAdditions.m; sourceTree = SOURCE_ROOT; };
		E4CD2BFD11F9FDB200D6C250 /* UIImageViewAddtions.m */ = {isa = PBXFileReference; fileEncoding = 4; lastKnownFileType = sourcecode.c.objc; path = UIImageViewAddtions.m; sourceTree = SOURCE_ROOT; };
		E4CD2C0111F9FDB200D6C250 /* UIScrollViewAdditions.m */ = {isa = PBXFileReference; fileEncoding = 4; lastKnownFileType = sourcecode.c.objc; path = UIScrollViewAdditions.m; sourceTree = SOURCE_ROOT; };
		E4CD2C0311F9FDB200D6C250 /* UIViewAdditions.m */ = {isa = PBXFileReference; fileEncoding = 4; lastKnownFileType = sourcecode.c.objc; path = UIViewAdditions.m; sourceTree = SOURCE_ROOT; };
		E4CD2C3111F9FFD800D6C250 /* NSMutableArrayStack.m */ = {isa = PBXFileReference; fileEncoding = 4; lastKnownFileType = sourcecode.c.objc; path = NSMutableArrayStack.m; sourceTree = SOURCE_ROOT; };
		E4CE131B150CC5C6004FD83B /* UIButton+Additions.h */ = {isa = PBXFileReference; fileEncoding = 4; lastKnownFileType = sourcecode.c.h; path = "UIButton+Additions.h"; sourceTree = "<group>"; };
		E4CE131C150CC5C6004FD83B /* UIButton+Additions.m */ = {isa = PBXFileReference; fileEncoding = 4; lastKnownFileType = sourcecode.c.objc; name = "UIButton+Additions.m"; path = "Headers/UIButton+Additions.m"; sourceTree = "<group>"; };
		E4DD8D4C1679C4520050A8E4 /* coverShade@2x.png */ = {isa = PBXFileReference; lastKnownFileType = image.png; path = "coverShade@2x.png"; sourceTree = "<group>"; };
		E4DD8D4D1679C4520050A8E4 /* coverShade.png */ = {isa = PBXFileReference; lastKnownFileType = image.png; path = coverShade.png; sourceTree = "<group>"; };
		E4DD8D4F1679C4C40050A8E4 /* coverShadeFromBottom.png */ = {isa = PBXFileReference; lastKnownFileType = image.png; path = coverShadeFromBottom.png; sourceTree = "<group>"; };
		E4DD8D501679C4C40050A8E4 /* coverShadeFromBottom@2x.png */ = {isa = PBXFileReference; lastKnownFileType = image.png; path = "coverShadeFromBottom@2x.png"; sourceTree = "<group>"; };
/* End PBXFileReference section */

/* Begin PBXFrameworksBuildPhase section */
		E4251A0011F9ED6800A98111 /* Frameworks */ = {
			isa = PBXFrameworksBuildPhase;
			buildActionMask = 2147483647;
			files = (
				E4251A0611F9ED6800A98111 /* Foundation.framework in Frameworks */,
			);
			runOnlyForDeploymentPostprocessing = 0;
		};
/* End PBXFrameworksBuildPhase section */

/* Begin PBXGroup section */
		E42519F511F9ED6800A98111 = {
			isa = PBXGroup;
			children = (
				E4D10E781200A85200989268 /* GTM */,
				E4A7A85611FA0219008FAF55 /* Headers */,
				E42519FC11F9ED6800A98111 /* Additions */,
				E42519FD11F9ED6800A98111 /* Other Sources */,
				E42519FE11F9ED6800A98111 /* Frameworks */,
				E4251A0411F9ED6800A98111 /* Products */,
			);
			sourceTree = "<group>";
		};
		E42519FC11F9ED6800A98111 /* Additions */ = {
			isa = PBXGroup;
			children = (
				E4DD8D4F1679C4C40050A8E4 /* coverShadeFromBottom.png */,
				E4DD8D501679C4C40050A8E4 /* coverShadeFromBottom@2x.png */,
				E4DD8D4C1679C4520050A8E4 /* coverShade@2x.png */,
				E4DD8D4D1679C4520050A8E4 /* coverShade.png */,
				E404B0271592345C009F4FC9 /* BlockActionSheet.m */,
				E4CBFCF11536B0A30007E3AF /* BlockAlertView.m */,
				E4CE131C150CC5C6004FD83B /* UIButton+Additions.m */,
				E4CD2C3111F9FFD800D6C250 /* NSMutableArrayStack.m */,
				E4CD2BE411F9FDB200D6C250 /* Alert.m */,
				E4CD2BE711F9FDB200D6C250 /* NSDateAdditions.m */,
				E4CD2BE911F9FDB200D6C250 /* NSDictionaryAdditions.m */,
				E4CD2BEB11F9FDB200D6C250 /* NSInvocationForwardedConstruction.m */,
				E4CD2BF111F9FDB200D6C250 /* NSNotificationCenterAdditions.m */,
				E4CD2BF311F9FDB200D6C250 /* NSStringAdditions.m */,
				E4CD2BF511F9FDB200D6C250 /* Swizzle.m */,
				E4CD2BF711F9FDB200D6C250 /* UIApplicationNetworkActivity.m */,
				E4CD2BF911F9FDB200D6C250 /* UIDevice-hardware.m */,
				E4CD2BFB11F9FDB200D6C250 /* UIImageAdditions.m */,
				E4CD2BFD11F9FDB200D6C250 /* UIImageViewAddtions.m */,
				E4CD2C0111F9FDB200D6C250 /* UIScrollViewAdditions.m */,
				E4CD2C0311F9FDB200D6C250 /* UIViewAdditions.m */,
				E491C4B01269A126001FF7F1 /* UIColorLibraryAdditions.m */,
				E4AA8F1112F861C700D08289 /* NSCoderGSA.m */,
				E41E710714359A7F00585262 /* ObjectToDictionary.h */,
				E41E710814359A7F00585262 /* ObjectToDictionary.m */,
			);
			name = Additions;
			sourceTree = "<group>";
		};
		E42519FD11F9ED6800A98111 /* Other Sources */ = {
			isa = PBXGroup;
			children = (
				E4251A0711F9ED6800A98111 /* AdditionsLib_Prefix.pch */,
			);
			name = "Other Sources";
			sourceTree = "<group>";
		};
		E42519FE11F9ED6800A98111 /* Frameworks */ = {
			isa = PBXGroup;
			children = (
				E4251A0511F9ED6800A98111 /* Foundation.framework */,
			);
			name = Frameworks;
			sourceTree = "<group>";
		};
		E4251A0411F9ED6800A98111 /* Products */ = {
			isa = PBXGroup;
			children = (
				E4251A0311F9ED6800A98111 /* libAdditions.a */,
			);
			name = Products;
			sourceTree = "<group>";
		};
		E4A7A85611FA0219008FAF55 /* Headers */ = {
			isa = PBXGroup;
			children = (
				E422166515FB3AA70011CF83 /* UIColor+HTML.m */,
				E422166615FB3AA70011CF83 /* UIColor+HTML.h */,
				E404B0261592345C009F4FC9 /* BlockActionSheet.h */,
				E4CBFCF51536B0B10007E3AF /* BlockAlertView.h */,
				E4A7A87D11FA028A008FAF55 /* LibAdditions.h */,
				E491C4AF1269A126001FF7F1 /* UIColorLibraryAdditions.h */,
				E4AA8F1012F861C700D08289 /* NSCoderGSA.h */,
				E4A7A85711FA0219008FAF55 /* Alert.h */,
				E4A7A85811FA0219008FAF55 /* CGGeometryAdditions.h */,
				E4A7A85911FA0219008FAF55 /* NSDateAdditions.h */,
				E4A7A85A11FA0219008FAF55 /* NSDictionaryAdditions.h */,
				E4A7A85B11FA0219008FAF55 /* NSInvocation(ForwardedConstruction).h */,
				E4A7A85E11FA0219008FAF55 /* NSMutableArrayStack.h */,
				E4A7A85F11FA0219008FAF55 /* NSNotificationCenterAdditions.h */,
				E4A7A86011FA0219008FAF55 /* NSStringAdditions.h */,
				E4A7A86111FA0219008FAF55 /* Swizzle.h */,
				E4A7A86211FA0219008FAF55 /* UIApplicationNetworkActivity.h */,
				E4A7A86311FA0219008FAF55 /* UIDevice-hardware.h */,
				E4A7A86411FA0219008FAF55 /* UIImageAdditions.h */,
				E4A7A86511FA0219008FAF55 /* UIImageViewAddtions.h */,
				E4A7A86711FA0219008FAF55 /* UIScrollViewAdditions.h */,
				E4A7A86811FA0219008FAF55 /* UIViewAdditions.h */,
				E4583AF312917024007F0577 /* dispatchShortcuts.h */,
				E4CE131B150CC5C6004FD83B /* UIButton+Additions.h */,
			);
			path = Headers;
			sourceTree = "<group>";
		};
		E4D10E781200A85200989268 /* GTM */ = {
			isa = PBXGroup;
			children = (
			);
			path = GTM;
			sourceTree = "<group>";
		};
/* End PBXGroup section */

/* Begin PBXHeadersBuildPhase section */
		E4251A0111F9ED6800A98111 /* Headers */ = {
			isa = PBXHeadersBuildPhase;
			buildActionMask = 2147483647;
			files = (
				E4A7A86A11FA0219008FAF55 /* Alert.h in Headers */,
				E4A7A86B11FA0219008FAF55 /* CGGeometryAdditions.h in Headers */,
				E4A7A86C11FA0219008FAF55 /* NSDateAdditions.h in Headers */,
				E4A7A86D11FA0219008FAF55 /* NSDictionaryAdditions.h in Headers */,
				E4A7A86E11FA0219008FAF55 /* NSInvocation(ForwardedConstruction).h in Headers */,
				E4A7A87111FA0219008FAF55 /* NSMutableArrayStack.h in Headers */,
				E4A7A87211FA0219008FAF55 /* NSNotificationCenterAdditions.h in Headers */,
				E4A7A87311FA0219008FAF55 /* NSStringAdditions.h in Headers */,
				E4A7A87411FA0219008FAF55 /* Swizzle.h in Headers */,
				E4A7A87511FA0219008FAF55 /* UIApplicationNetworkActivity.h in Headers */,
				E4A7A87611FA0219008FAF55 /* UIDevice-hardware.h in Headers */,
				E4A7A87711FA0219008FAF55 /* UIImageAdditions.h in Headers */,
				E4A7A87811FA0219008FAF55 /* UIImageViewAddtions.h in Headers */,
				E4A7A87A11FA0219008FAF55 /* UIScrollViewAdditions.h in Headers */,
				E4A7A87B11FA0219008FAF55 /* UIViewAdditions.h in Headers */,
				E4A7A87E11FA028A008FAF55 /* LibAdditions.h in Headers */,
				E491C4B11269A126001FF7F1 /* UIColorLibraryAdditions.h in Headers */,
				E4583AF412917024007F0577 /* dispatchShortcuts.h in Headers */,
				E4AA8F1412F861C700D08289 /* NSCoderGSA.h in Headers */,
				E41E710914359A7F00585262 /* ObjectToDictionary.h in Headers */,
				E4CE131D150CC5C6004FD83B /* UIButton+Additions.h in Headers */,
				E4CBFCF61536B0B10007E3AF /* BlockAlertView.h in Headers */,
				E404B0281592345C009F4FC9 /* BlockActionSheet.h in Headers */,
				E422166815FB3AA70011CF83 /* UIColor+HTML.h in Headers */,
			);
			runOnlyForDeploymentPostprocessing = 0;
		};
/* End PBXHeadersBuildPhase section */

/* Begin PBXNativeTarget section */
		E4251A0211F9ED6800A98111 /* AdditionsLib */ = {
			isa = PBXNativeTarget;
			buildConfigurationList = E4251A0A11F9ED6800A98111 /* Build configuration list for PBXNativeTarget "AdditionsLib" */;
			buildPhases = (
				E42519FF11F9ED6800A98111 /* Sources */,
				E4251A0011F9ED6800A98111 /* Frameworks */,
				E4251A0111F9ED6800A98111 /* Headers */,
			);
			buildRules = (
			);
			dependencies = (
			);
			name = AdditionsLib;
			productName = AdditionsLib;
			productReference = E4251A0311F9ED6800A98111 /* libAdditions.a */;
			productType = "com.apple.product-type.library.static";
		};
/* End PBXNativeTarget section */

/* Begin PBXProject section */
		E42519F711F9ED6800A98111 /* Project object */ = {
			isa = PBXProject;
			attributes = {
				LastUpgradeCheck = 0450;
				ORGANIZATIONNAME = "LitePoint Corp.";
			};
			buildConfigurationList = E42519FA11F9ED6800A98111 /* Build configuration list for PBXProject "AdditionsLib" */;
			compatibilityVersion = "Xcode 3.2";
			developmentRegion = English;
			hasScannedForEncodings = 0;
			knownRegions = (
				en,
			);
			mainGroup = E42519F511F9ED6800A98111;
			productRefGroup = E4251A0411F9ED6800A98111 /* Products */;
			projectDirPath = "";
			projectRoot = "";
			targets = (
				E4251A0211F9ED6800A98111 /* AdditionsLib */,
			);
		};
/* End PBXProject section */

/* Begin PBXSourcesBuildPhase section */
		E42519FF11F9ED6800A98111 /* Sources */ = {
			isa = PBXSourcesBuildPhase;
			buildActionMask = 2147483647;
			files = (
				E4CD2C0711F9FDB200D6C250 /* Alert.m in Sources */,
				E4CD2C0A11F9FDB200D6C250 /* NSDateAdditions.m in Sources */,
				E4CD2C0C11F9FDB200D6C250 /* NSDictionaryAdditions.m in Sources */,
				E4CD2C0E11F9FDB200D6C250 /* NSInvocationForwardedConstruction.m in Sources */,
				E4CD2C1411F9FDB200D6C250 /* NSNotificationCenterAdditions.m in Sources */,
				E4CD2C1611F9FDB200D6C250 /* NSStringAdditions.m in Sources */,
				E4CD2C1811F9FDB200D6C250 /* Swizzle.m in Sources */,
				E4CD2C1A11F9FDB200D6C250 /* UIApplicationNetworkActivity.m in Sources */,
				E4CD2C1C11F9FDB200D6C250 /* UIDevice-hardware.m in Sources */,
				E4CD2C1E11F9FDB200D6C250 /* UIImageAdditions.m in Sources */,
				E4CD2C2011F9FDB200D6C250 /* UIImageViewAddtions.m in Sources */,
				E4CD2C2411F9FDB200D6C250 /* UIScrollViewAdditions.m in Sources */,
				E4CD2C2611F9FDB200D6C250 /* UIViewAdditions.m in Sources */,
				E4CD2C3311F9FFD800D6C250 /* NSMutableArrayStack.m in Sources */,
				E491C4B21269A126001FF7F1 /* UIColorLibraryAdditions.m in Sources */,
				E4AA8F1512F861C700D08289 /* NSCoderGSA.m in Sources */,
				E41E710B14359A7F00585262 /* ObjectToDictionary.m in Sources */,
				E4CE131F150CC5C6004FD83B /* UIButton+Additions.m in Sources */,
				E4CBFCF21536B0A30007E3AF /* BlockAlertView.m in Sources */,
				E404B0291592345C009F4FC9 /* BlockActionSheet.m in Sources */,
				E422166715FB3AA70011CF83 /* UIColor+HTML.m in Sources */,
			);
			runOnlyForDeploymentPostprocessing = 0;
		};
/* End PBXSourcesBuildPhase section */

/* Begin XCBuildConfiguration section */
		E4251A0811F9ED6800A98111 /* Debug */ = {
			isa = XCBuildConfiguration;
			buildSettings = {
				ARCHS = "$(ARCHS_STANDARD_32_BIT)";
				GCC_C_LANGUAGE_STANDARD = gnu99;
				GCC_OPTIMIZATION_LEVEL = 0;
				GCC_PREPROCESSOR_DEFINITIONS = (
					DEBUG,
					QUARTZADDITIONS,
				);
				GCC_VERSION = com.apple.compilers.llvmgcc42;
				GCC_WARN_ABOUT_MISSING_PROTOTYPES = YES;
				GCC_WARN_ABOUT_RETURN_TYPE = YES;
				GCC_WARN_UNUSED_VARIABLE = YES;
				OTHER_LDFLAGS = "-ObjC";
				SDKROOT = iphoneos;
			};
			name = Debug;
		};
		E4251A0911F9ED6800A98111 /* Release */ = {
			isa = XCBuildConfiguration;
			buildSettings = {
				ARCHS = "$(ARCHS_STANDARD_32_BIT)";
				GCC_C_LANGUAGE_STANDARD = gnu99;
				GCC_PREPROCESSOR_DEFINITIONS = QUARTZADDITIONS;
				GCC_VERSION = com.apple.compilers.llvmgcc42;
				GCC_WARN_ABOUT_MISSING_PROTOTYPES = YES;
				GCC_WARN_ABOUT_RETURN_TYPE = YES;
				GCC_WARN_UNUSED_VARIABLE = YES;
				OTHER_LDFLAGS = "-ObjC";
				SDKROOT = iphoneos;
			};
			name = Release;
		};
		E4251A0B11F9ED6800A98111 /* Debug */ = {
			isa = XCBuildConfiguration;
			buildSettings = {
				ALWAYS_SEARCH_USER_PATHS = NO;
				ARCHS = (
					armv6,
					"$(ARCHS_STANDARD_32_BIT)",
				);
				CLANG_ENABLE_OBJC_ARC = YES;
				CODE_SIGN_IDENTITY = "";
				DSTROOT = /tmp/AdditionsLib.dst;
				GCC_PRECOMPILE_PREFIX_HEADER = YES;
				GCC_PREFIX_HEADER = AdditionsLib_Prefix.pch;
				GCC_THUMB_SUPPORT = NO;
				GCC_VERSION = com.apple.compilers.llvm.clang.1_0;
				INSTALL_PATH = /usr/local/lib;
				IPHONEOS_DEPLOYMENT_TARGET = 5.0;
				OTHER_LDFLAGS = "-ObjC";
				PRODUCT_NAME = Additions;
				SKIP_INSTALL = YES;
				TARGETED_DEVICE_FAMILY = 2;
			};
			name = Debug;
		};
		E4251A0C11F9ED6800A98111 /* Release */ = {
			isa = XCBuildConfiguration;
			buildSettings = {
				ALWAYS_SEARCH_USER_PATHS = NO;
				ARCHS = (
					armv6,
					"$(ARCHS_STANDARD_32_BIT)",
				);
				CLANG_ENABLE_OBJC_ARC = YES;
				CODE_SIGN_IDENTITY = "";
				DSTROOT = /tmp/AdditionsLib.dst;
				GCC_PRECOMPILE_PREFIX_HEADER = YES;
				GCC_PREFIX_HEADER = AdditionsLib_Prefix.pch;
				GCC_THUMB_SUPPORT = NO;
				GCC_VERSION = com.apple.compilers.llvm.clang.1_0;
				INSTALL_PATH = /usr/local/lib;
				IPHONEOS_DEPLOYMENT_TARGET = 5.0;
				OTHER_LDFLAGS = "-ObjC";
				PRODUCT_NAME = Additions;
				SKIP_INSTALL = YES;
				TARGETED_DEVICE_FAMILY = 2;
			};
			name = Release;
		};
		E4D85013146582B3003FAC13 /* AdHoc */ = {
			isa = XCBuildConfiguration;
			buildSettings = {
				ARCHS = "$(ARCHS_STANDARD_32_BIT)";
				GCC_C_LANGUAGE_STANDARD = gnu99;
				GCC_PREPROCESSOR_DEFINITIONS = QUARTZADDITIONS;
				GCC_VERSION = com.apple.compilers.llvmgcc42;
				GCC_WARN_ABOUT_MISSING_PROTOTYPES = YES;
				GCC_WARN_ABOUT_RETURN_TYPE = YES;
				GCC_WARN_UNUSED_VARIABLE = YES;
				OTHER_LDFLAGS = "-ObjC";
				SDKROOT = iphoneos;
			};
			name = AdHoc;
		};
		E4D85014146582B3003FAC13 /* AdHoc */ = {
			isa = XCBuildConfiguration;
			buildSettings = {
				ALWAYS_SEARCH_USER_PATHS = NO;
				ARCHS = (
					armv6,
					"$(ARCHS_STANDARD_32_BIT)",
				);
				CLANG_ENABLE_OBJC_ARC = YES;
				CODE_SIGN_IDENTITY = "";
				DSTROOT = /tmp/AdditionsLib.dst;
				GCC_PRECOMPILE_PREFIX_HEADER = YES;
				GCC_PREFIX_HEADER = AdditionsLib_Prefix.pch;
				GCC_THUMB_SUPPORT = NO;
				GCC_VERSION = com.apple.compilers.llvm.clang.1_0;
				INSTALL_PATH = /usr/local/lib;
				IPHONEOS_DEPLOYMENT_TARGET = 5.0;
				OTHER_LDFLAGS = "-ObjC";
				PRODUCT_NAME = Additions;
				SKIP_INSTALL = YES;
				TARGETED_DEVICE_FAMILY = 2;
			};
			name = AdHoc;
		};
/* End XCBuildConfiguration section */

/* Begin XCConfigurationList section */
		E42519FA11F9ED6800A98111 /* Build configuration list for PBXProject "AdditionsLib" */ = {
			isa = XCConfigurationList;
			buildConfigurations = (
				E4251A0811F9ED6800A98111 /* Debug */,
				E4251A0911F9ED6800A98111 /* Release */,
				E4D85013146582B3003FAC13 /* AdHoc */,
			);
			defaultConfigurationIsVisible = 0;
			defaultConfigurationName = Release;
		};
		E4251A0A11F9ED6800A98111 /* Build configuration list for PBXNativeTarget "AdditionsLib" */ = {
			isa = XCConfigurationList;
			buildConfigurations = (
				E4251A0B11F9ED6800A98111 /* Debug */,
				E4251A0C11F9ED6800A98111 /* Release */,
				E4D85014146582B3003FAC13 /* AdHoc */,
			);
			defaultConfigurationIsVisible = 0;
			defaultConfigurationName = Release;
		};
/* End XCConfigurationList section */
	};
	rootObject = E42519F711F9ED6800A98111 /* Project object */;
}
